{
  "name": "@evenbetter/evenbetter-api",
  "version": "2.3.1",
  "lockfileVersion": 3,
  "requires": true,
  "packages": {
    "": {
      "name": "@evenbetter/evenbetter-api",
      "version": "2.3.1",
      "license": "CC0-1.0",
      "dependencies": {
        "@caido/sdk-frontend": "^0.34.1"
      },
      "devDependencies": {
        "@types/bun": "latest"
      },
      "peerDependencies": {
        "typescript": "^5.0.0"
      }
    },
    "node_modules/@caido/sdk-frontend": {
      "version": "0.34.1",
      "resolved": "https://registry.npmjs.org/@caido/sdk-frontend/-/sdk-frontend-0.34.1.tgz",
      "integrity": "sha512-ibatXIoqeXhFVTavby0duIuX3lUD0igciAlMDvNl5vlzVtUGID7QD8KEAMatU/hVvLZ8FOAc3zbZapuef0wKeQ=="
    },
    "node_modules/@evenbetter/evenbetter-api": {
      "version": "1.0.0",
      "resolved": "https://registry.npmjs.org/@evenbetter/evenbetter-api/-/evenbetter-api-1.0.0.tgz",
      "integrity": "sha512-QMqTmvrMqVdo0n5m9RAetP0VagtIGfKBrH/SMbmTXnjEaP0pr257ePjbWVfoVeMARyvSfqJTsoGCAyQwmPjclg==",
      "dependencies": {
        "@caido/sdk-frontend": "^0.34.1",
        "@evenbetter/evenbetter-api": "^1.0.0"
      },
      "peerDependencies": {
        "typescript": "^5.0.0"
      }
    },
    "node_modules/@types/bun": {
      "version": "1.0.12",
      "resolved": "https://registry.npmjs.org/@types/bun/-/bun-1.0.12.tgz",
      "integrity": "sha512-qPb5FcygbpSS1NDBjWyQCWeI9kKXwSYSR1Enu7yb+gMXgFwGMhlyOvgV/7FGrdvAjlSXWRY6IDepos7k8WzAtQ==",
      "dev": true,
      "dependencies": {
        "bun-types": "1.0.36"
      }
    },
    "node_modules/@types/node": {
      "version": "20.11.30",
      "dev": true,
      "license": "MIT",
      "dependencies": {
        "undici-types": "~5.26.4"
      }
    },
    "node_modules/@types/ws": {
      "version": "8.5.10",
      "dev": true,
      "license": "MIT",
      "dependencies": {
        "@types/node": "*"
      }
    },
    "node_modules/bun-types": {
      "version": "1.0.36",
      "dev": true,
      "license": "MIT",
      "dependencies": {
        "@types/node": "~20.11.3",
        "@types/ws": "~8.5.10"
      }
    },
    "node_modules/typescript": {
      "version": "5.4.3",
      "license": "Apache-2.0",
      "peer": true,
      "bin": {
        "tsc": "bin/tsc",
        "tsserver": "bin/tsserver"
      },
      "engines": {
        "node": ">=14.17"
      }
    },
    "node_modules/undici-types": {
      "version": "5.26.5",
      "dev": true,
      "license": "MIT"
    }
  }
}
