lockfileVersion: '9.0'

settings:
  autoInstallPeers: true
  excludeLinksFromLockfile: false

importers:

  .:
    dependencies:
      '@caido/sdk-frontend':
        specifier: ^0.39.0
        version: 0.39.0

packages:

  '@caido/sdk-frontend@0.39.0':
    resolution: {integrity: sha512-XIY24OLh6hcefMdltgfvae2E4t8EhPpikYCihthYlSLJ+LaabRTPePVcdPS4avlMkQPIWm+S19cHCn+lNuNx6Q==}

snapshots:

  '@caido/sdk-frontend@0.39.0': {}
